{
  "originHash" : "3df0efb9d63a30f238d6b3f59583201b55bc6abc9e220c212cae8a061cdf0660",
  "pins" : [
    {
      "identity" : "audioeditorkit",
      "kind" : "remoteSourceControl",
      "location" : "https://github.com/Lakr233/AudioEditorKit.git",
      "state" : {
        "revision" : "f20666af43928548f6abc4a6806bc9cb45561cc6",
        "version" : "1.0.0"
      }
    },
    {
      "identity" : "audiokit",
      "kind" : "remoteSourceControl",
      "location" : "https://github.com/AudioKit/AudioKit.git",
      "state" : {
        "revision" : "5b3fd238ef8ee95c9842ca4ea83ca58ee151e630",
        "version" : "5.6.5"
      }
    },
    {
      "identity" : "audiokitui",
      "kind" : "remoteSourceControl",
      "location" : "https://github.com/Yakiboshi/AudioKitUI",
      "state" : {
        "branch" : "main",
        "revision" : "83bacdba297ad921f793ead02f0ebaf8619c7b41"
      }
    },
    {
      "identity" : "controls",
      "kind" : "remoteSourceControl",
      "location" : "https://github.com/AudioKit/Controls.git",
      "state" : {
        "revision" : "4dd10370125af7f1e26d7a71b2c5929bb3c95087",
        "version" : "1.1.4"
      }
    },
    {
      "identity" : "progresshud",
      "kind" : "remoteSourceControl",
      "location" : "https://github.com/relatedcode/ProgressHUD.git",
      "state" : {
        "revision" : "4aa638a88450d6d48a6620070722e875e7a179ef",
        "version" : "14.1.4"
      }
    },
    {
      "identity" : "swift-atomics",
      "kind" : "remoteSourceControl",
      "location" : "https://github.com/apple/swift-atomics.git",
      "state" : {
        "revision" : "b601256eab081c0f92f059e12818ac1d4f178ff7",
        "version" : "1.3.0"
      }
    },
    {
      "identity" : "swiftycrop",
      "kind" : "remoteSourceControl",
      "location" : "https://github.com/benedom/SwiftyCrop",
      "state" : {
        "branch" : "master",
        "revision" : "a19a108defb7c728523ab0f153b9249014680afd"
      }
    }
  ],
  "version" : 3
}
